# THIS IS AN AUTOGENERATED FILE. DO NOT EDIT THIS FILE DIRECTLY.
# yarn lockfile v1


"@handsontable/formulajs@^2.0.1":
  version "2.0.1"
  resolved "https://registry.yarnpkg.com/@handsontable/formulajs/-/formulajs-2.0.1.tgz#e0b15f085bf485702dd776b6e95269630ae44e98"
  integrity sha512-jTdJO/6ZmuaHoiTdnraGbPkdnA7m0VMrZ54vWXi22WpwnsIKAWbqjWTwvDoSuEpcc7/YHVIVlSDtfXHKmaYhdQ==
  dependencies:
    "@handsontable/jstat" "^1.0.0"
    bessel "^0.2.0"

"@handsontable/jstat@^1.0.0":
  version "1.0.0"
  resolved "https://registry.yarnpkg.com/@handsontable/jstat/-/jstat-1.0.0.tgz#0cb40e6ee44e2e0188bf047c43551920ae220270"
  integrity sha512-5XxZ9xIk6iSjrc1p5N/yI2dofBXp0IzZVgrkETDC196SxoJCRNOeKgM9fTHMhoxa02wuaZPLp6stojlppNxP/A==

"@types/pikaday@1.6.0":
  version "1.6.0"
  resolved "https://registry.yarnpkg.com/@types/pikaday/-/pikaday-1.6.0.tgz#46c1d67a9ef706284ac2b72bf31bf381a56bf3c0"
  integrity sha512-cnKjF7i6oA1ADxQdSWHcEStLZeiH8qbf6l7B9O88PhLgnmbUMM62ali0/PaDtINm6ezpNcqtERWL6Y+pAgHKQQ==
  dependencies:
    moment ">=2.14.0"

bessel@^0.2.0:
  version "0.2.0"
  resolved "https://registry.yarnpkg.com/bessel/-/bessel-0.2.0.tgz#13cb39cd29233219ec2da725e0ba0c66fb46b6f2"
  integrity sha1-E8s5zSkjMhnsLacl4LoMZvtGtvI=
  dependencies:
    voc ""

bignumber.js@^4.0.4:
  version "4.1.0"
  resolved "https://registry.yarnpkg.com/bignumber.js/-/bignumber.js-4.1.0.tgz#db6f14067c140bd46624815a7916c92d9b6c24b1"
  integrity sha512-eJzYkFYy9L4JzXsbymsFn3p54D+llV27oTQ+ziJG7WFRheJcNZilgVXMG0LoZtlQSKBsJdWtLFqOD0u+U0jZKA==

core-js@^3.0.0:
  version "3.1.4"
  resolved "https://registry.yarnpkg.com/core-js/-/core-js-3.1.4.tgz#3a2837fc48e582e1ae25907afcd6cf03b0cc7a07"
  integrity sha512-YNZN8lt82XIMLnLirj9MhKDFZHalwzzrL9YLt6eb0T5D0EDl4IQ90IGkua8mHbnxNrkj1d8hbdizMc0Qmg1WnQ==

handsontable@^7.1.0:
  version "7.1.0"
  resolved "https://registry.yarnpkg.com/handsontable/-/handsontable-7.1.0.tgz#530f2d574b93739467832bffd47ef758fd7c2c24"
  integrity sha512-EQT8k2A4RPzMOyzZf/xpEEfRSdd4fT6JcWNQnRhi5cJ8NX6Zg+6nQavWh7fb5amsRN9BBlwh1Je/pbPREgS0zQ==
  dependencies:
    "@types/pikaday" "1.6.0"
    core-js "^3.0.0"
    hot-formula-parser "^3.0.1"
    moment "2.20.1"
    numbro "2.1.1"
    pikaday "1.5.1"

hot-formula-parser@^3.0.1:
  version "3.0.1"
  resolved "https://registry.yarnpkg.com/hot-formula-parser/-/hot-formula-parser-3.0.1.tgz#9ec0d3abd691d9dbe3febec51027ebb7d4f1efd4"
  integrity sha512-QhYPVlVh/GF/hHtBp+MwgDp5kpgrrjeJi3d3/GxTWtqwLBOOM4KlZT/YWcsfZj5JE68MNvFgj3ZzYpkGyvGtwA==
  dependencies:
    "@handsontable/formulajs" "^2.0.1"
    tiny-emitter "^2.0.1"

moment@2.20.1:
  version "2.20.1"
  resolved "https://registry.yarnpkg.com/moment/-/moment-2.20.1.tgz#d6eb1a46cbcc14a2b2f9434112c1ff8907f313fd"
  integrity sha512-Yh9y73JRljxW5QxN08Fner68eFLxM5ynNOAw2LbIB1YAGeQzZT8QFSUvkAz609Zf+IHhhaUxqZK8dG3W/+HEvg==

moment@2.x, moment@>=2.14.0:
  version "2.24.0"
  resolved "https://registry.yarnpkg.com/moment/-/moment-2.24.0.tgz#0d055d53f5052aa653c9f6eb68bb5d12bf5c2b5b"
  integrity sha512-bV7f+6l2QigeBBZSM/6yTNq4P2fNpSWj/0e7jQcy87A8e7o2nAfP/34/2ky5Vw4B9S446EtIhodAzkFCcR4dQg==

numbro@2.1.1:
  version "2.1.1"
  resolved "https://registry.yarnpkg.com/numbro/-/numbro-2.1.1.tgz#b977fc6a769163f90e2e2d7623ff9db4d66bc661"
  integrity sha512-H3VamlHyqYYomNngAbrl/CT92DnOSC2rJxx6hfZrgj0NVnqxAtOvGbwgpOYjv4ASgxodDWBSYHJ1ZxaEq2lfTg==
  dependencies:
    bignumber.js "^4.0.4"

papaparse@^5.0.1:
  version "5.0.1"
  resolved "https://registry.yarnpkg.com/papaparse/-/papaparse-5.0.1.tgz#5243710e5468e659e23c77db0e0b010912960c15"
  integrity sha512-LoM77aP/xSfZP645H3x1X0Qrf7klhGqHUfJH2KHIPvmB4uzezB/1bfvJKI0vp6zD5AfQF46J3URB7uz4Iqe0lg==

pikaday@1.5.1:
  version "1.5.1"
  resolved "https://registry.yarnpkg.com/pikaday/-/pikaday-1.5.1.tgz#0a48549bc1a14ea1d08c44074d761bc2f2bfcfd3"
  integrity sha1-CkhUm8GhTqHQjEQHTXYbwvK/z9M=
  optionalDependencies:
    moment "2.x"

tiny-emitter@^2.0.1:
  version "2.1.0"
  resolved "https://registry.yarnpkg.com/tiny-emitter/-/tiny-emitter-2.1.0.tgz#1d1a56edfc51c43e863cbb5382a72330e3555423"
  integrity sha512-NB6Dk1A9xgQPMoGqC5CVXn123gWyte215ONT5Pp5a0yt4nlEoO1ZWeCwpncaekPHXO60i47ihFnZPiRPjRMq4Q==

voc@:
  version "1.1.0"
  resolved "https://registry.yarnpkg.com/voc/-/voc-1.1.0.tgz#d1a08aeff66646bf17cdba2e47c935a7a9b0218b"
  integrity sha512-fthgd8OJLqq8vPcLjElTk6Rcl2e3v5ekcXauImaqEnQqd5yUWKg1+ZOBgS2KTWuVKcuvZMQq4TDptiT1uYddUA==
